
Microsoft Visual Studio Solution File, Format Version 12.00
# Visual Studio 14
VisualStudioVersion = 14.0.23107.0
MinimumVisualStudioVersion = 10.0.40219.1
Project("{2150E333-8FDC-42A3-9474-1A3956D46DE8}") = "Implementation", "Implementation", "{EE36326F-9274-4FB7-994D-B6A7690FC39C}"
EndProject
Project("{2150E333-8FDC-42A3-9474-1A3956D46DE8}") = "TestingClient", "TestingClient", "{C260B303-2F70-44B1-A65F-6719A14504C5}"
EndProject
Project("{FAE04EC0-301F-11D3-BF4B-00C04F79EFBC}") = "UnionFiind", "UnionFiind\UnionFiind.csproj", "{189C1B78-ACEE-4BCE-9280-950BEDF46614}"
EndProject
Project("{FAE04EC0-301F-11D3-BF4B-00C04F79EFBC}") = "MainProgram", "MainProgram\MainProgram.csproj", "{34F7A94A-7A47-458C-8142-6F72837569AC}"
EndProject
Project("{FAE04EC0-301F-11D3-BF4B-00C04F79EFBC}") = "StackQueueBag", "StackQueueBag\StackQueueBag.csproj", "{2BF3ABE4-75A3-4638-9BEA-CC2E7C44461C}"
EndProject
Global
	GlobalSection(SolutionConfigurationPlatforms) = preSolution
		Debug|Any CPU = Debug|Any CPU
		Release|Any CPU = Release|Any CPU
	EndGlobalSection
	GlobalSection(ProjectConfigurationPlatforms) = postSolution
		{189C1B78-ACEE-4BCE-9280-950BEDF46614}.Debug|Any CPU.ActiveCfg = Debug|Any CPU
		{189C1B78-ACEE-4BCE-9280-950BEDF46614}.Debug|Any CPU.Build.0 = Debug|Any CPU
		{189C1B78-ACEE-4BCE-9280-950BEDF46614}.Release|Any CPU.ActiveCfg = Release|Any CPU
		{189C1B78-ACEE-4BCE-9280-950BEDF46614}.Release|Any CPU.Build.0 = Release|Any CPU
		{34F7A94A-7A47-458C-8142-6F72837569AC}.Debug|Any CPU.ActiveCfg = Debug|Any CPU
		{34F7A94A-7A47-458C-8142-6F72837569AC}.Debug|Any CPU.Build.0 = Debug|Any CPU
		{34F7A94A-7A47-458C-8142-6F72837569AC}.Release|Any CPU.ActiveCfg = Release|Any CPU
		{34F7A94A-7A47-458C-8142-6F72837569AC}.Release|Any CPU.Build.0 = Release|Any CPU
		{2BF3ABE4-75A3-4638-9BEA-CC2E7C44461C}.Debug|Any CPU.ActiveCfg = Debug|Any CPU
		{2BF3ABE4-75A3-4638-9BEA-CC2E7C44461C}.Debug|Any CPU.Build.0 = Debug|Any CPU
		{2BF3ABE4-75A3-4638-9BEA-CC2E7C44461C}.Release|Any CPU.ActiveCfg = Release|Any CPU
		{2BF3ABE4-75A3-4638-9BEA-CC2E7C44461C}.Release|Any CPU.Build.0 = Release|Any CPU
	EndGlobalSection
	GlobalSection(SolutionProperties) = preSolution
		HideSolutionNode = FALSE
	EndGlobalSection
	GlobalSection(NestedProjects) = preSolution
		{189C1B78-ACEE-4BCE-9280-950BEDF46614} = {EE36326F-9274-4FB7-994D-B6A7690FC39C}
		{34F7A94A-7A47-458C-8142-6F72837569AC} = {C260B303-2F70-44B1-A65F-6719A14504C5}
		{2BF3ABE4-75A3-4638-9BEA-CC2E7C44461C} = {EE36326F-9274-4FB7-994D-B6A7690FC39C}
	EndGlobalSection
EndGlobal
